
Microsoft Visual Studio Solution File, Format Version 12.00
# Visual Studio Version 17
VisualStudioVersion = 17.9.34723.18
MinimumVisualStudioVersion = 10.0.40219.1
Project("{FAE04EC0-301F-11D3-BF4B-00C04F79EFBC}") = "WebApplication2", "WebApplication2\WebApplication2.csproj", "{690993C2-6F1E-4BBA-B665-9BF3F19EC75D}"
EndProject
Global
	GlobalSection(SolutionConfigurationPlatforms) = preSolution
		Debug|Any CPU = Debug|Any CPU
		Release|Any CPU = Release|Any CPU
	EndGlobalSection
	GlobalSection(ProjectConfigurationPlatforms) = postSolution
		{690993C2-6F1E-4BBA-B665-9BF3F19EC75D}.Debug|Any CPU.ActiveCfg = Debug|Any CPU
		{690993C2-6F1E-4BBA-B665-9BF3F19EC75D}.Debug|Any CPU.Build.0 = Debug|Any CPU
		{690993C2-6F1E-4BBA-B665-9BF3F19EC75D}.Release|Any CPU.ActiveCfg = Release|Any CPU
		{690993C2-6F1E-4BBA-B665-9BF3F19EC75D}.Release|Any CPU.Build.0 = Release|Any CPU
	EndGlobalSection
	GlobalSection(SolutionProperties) = preSolution
		HideSolutionNode = FALSE
	EndGlobalSection
	GlobalSection(ExtensibilityGlobals) = postSolution
		SolutionGuid = {63F9C1C1-8850-4041-9D61-B358F0559049}
	EndGlobalSection
EndGlobal
